# This file is automatically @generated by Cargo.
# It is not intended for manual editing.
version = 3

[[package]]
name = "approx"
version = "0.4.0"
source = "registry+https://github.com/rust-lang/crates.io-index"
checksum = "3f2a05fd1bd10b2527e20a2cd32d8873d115b8b39fe219ee25f42a8aca6ba278"
dependencies = [
 "num-traits",
]

[[package]]
name = "approx"
version = "0.5.1"
source = "registry+https://github.com/rust-lang/crates.io-index"
checksum = "cab112f0a86d568ea0e627cc1d6be74a1e9cd55214684db5561995f6dad897c6"
dependencies = [
 "num-traits",
]

[[package]]
name = "autocfg"
version = "1.3.0"
source = "registry+https://github.com/rust-lang/crates.io-index"
checksum = "0c4b4d0bd25bd0b74681c0ad21497610ce1b7c91b1022cd21c80c6fbdd9476b0"

[[package]]
name = "bincode"
version = "1.3.3"
source = "registry+https://github.com/rust-lang/crates.io-index"
checksum = "b1f45e9417d87227c7a56d22e471c6206462cba514c7590c09aff4cf6d1ddcad"
dependencies = [
 "serde",
]

[[package]]
name = "bitflags"
version = "1.2.1"
source = "registry+https://github.com/rust-lang/crates.io-index"
checksum = "cf1de2fe8c75bc145a2f577add951f8134889b4795d47466a54a5c846d691693"

[[package]]
name = "bytemuck"
version = "1.17.1"
source = "registry+https://github.com/rust-lang/crates.io-index"
checksum = "773d90827bc3feecfb67fab12e24de0749aad83c74b9504ecde46237b5cd24e2"

[[package]]
name = "byteorder"
version = "1.5.0"
source = "registry+https://github.com/rust-lang/crates.io-index"
checksum = "1fd0f2584146f6f2ef48085050886acf353beff7305ebd1ae69500e27c67f64b"

[[package]]
name = "cc"
version = "1.1.16"
source = "registry+https://github.com/rust-lang/crates.io-index"
checksum = "e9d013ecb737093c0e86b151a7b837993cf9ec6c502946cfb44bedc392421e0b"
dependencies = [
 "shlex",
]

[[package]]
name = "cfg-if"
version = "1.0.0"
source = "registry+https://github.com/rust-lang/crates.io-index"
checksum = "baf1de4339761588bc0619e3cbc0120ee582ebb74b53b4efbf79117bd2da40fd"

[[package]]
name = "generic-array"
version = "0.14.7"
source = "registry+https://github.com/rust-lang/crates.io-index"
checksum = "85649ca51fd72272d7821adaf274ad91c288277713d9c18820d8499a7ff69e9a"
dependencies = [
 "typenum",
 "version_check",
]

[[package]]
name = "getrandom"
version = "0.1.16"
source = "registry+https://github.com/rust-lang/crates.io-index"
checksum = "8fc3cb4d91f53b50155bdcfd23f6a4c39ae1969c2ae85982b135750cccaf5fce"
dependencies = [
 "cfg-if",
 "libc",
 "wasi",
]

[[package]]
name = "heck"
version = "0.5.0"
source = "registry+https://github.com/rust-lang/crates.io-index"
checksum = "2304e00983f87ffb38b55b444b5e3b60a884b5d30c0fca7d82fe33449bbe55ea"

[[package]]
name = "indoc"
version = "2.0.5"
source = "registry+https://github.com/rust-lang/crates.io-index"
checksum = "b248f5224d1d606005e02c97f5aa4e88eeb230488bcc03bc9ca4d7991399f2b5"

[[package]]
name = "libc"
version = "0.2.158"
source = "registry+https://github.com/rust-lang/crates.io-index"
checksum = "d8adc4bb1803a324070e64a98ae98f38934d91957a99cfb3a43dcbc01bc56439"

[[package]]
name = "libfranka-rs"
version = "0.9.0"
source = "registry+https://github.com/rust-lang/crates.io-index"
checksum = "2d3a4d9cff9e127f21dea93e74900bb6d29161fa7f83802d1d01bdb07d59a4d4"
dependencies = [
 "bincode",
 "libc",
 "libloading",
 "mio",
 "nalgebra 0.23.2",
 "nix",
 "num-derive",
 "num-traits",
 "serde",
 "serde_repr",
 "thiserror",
]

[[package]]
name = "libloading"
version = "0.7.4"
source = "registry+https://github.com/rust-lang/crates.io-index"
checksum = "b67380fd3b2fbe7527a606e18729d21c6f3951633d0500574c4dc22d2d638b9f"
dependencies = [
 "cfg-if",
 "winapi",
]

[[package]]
name = "libm"
version = "0.2.8"
source = "registry+https://github.com/rust-lang/crates.io-index"
checksum = "4ec2a862134d2a7d32d7983ddcdd1c4923530833c9f2ea1a44fc5fa473989058"

[[package]]
name = "log"
version = "0.4.22"
source = "registry+https://github.com/rust-lang/crates.io-index"
checksum = "a7a70ba024b9dc04c27ea2f0c0548feb474ec5c54bba33a7f72f873a39d07b24"

[[package]]
name = "matrixmultiply"
version = "0.2.4"
source = "registry+https://github.com/rust-lang/crates.io-index"
checksum = "916806ba0031cd542105d916a97c8572e1fa6dd79c9c51e7eb43a09ec2dd84c1"
dependencies = [
 "rawpointer",
]

[[package]]
name = "matrixmultiply"
version = "0.3.9"
source = "registry+https://github.com/rust-lang/crates.io-index"
checksum = "9380b911e3e96d10c1f415da0876389aaf1b56759054eeb0de7df940c456ba1a"
dependencies = [
 "autocfg",
 "rawpointer",
]

[[package]]
name = "memoffset"
version = "0.6.5"
source = "registry+https://github.com/rust-lang/crates.io-index"
checksum = "5aa361d4faea93603064a027415f07bd8e1d5c88c9fbf68bf56a285428fd79ce"
dependencies = [
 "autocfg",
]

[[package]]
name = "memoffset"
version = "0.9.1"
source = "registry+https://github.com/rust-lang/crates.io-index"
checksum = "488016bfae457b036d996092f6cb448677611ce4449e970ceaf42695203f218a"
dependencies = [
 "autocfg",
]

[[package]]
name = "mio"
version = "0.7.14"
source = "registry+https://github.com/rust-lang/crates.io-index"
checksum = "8067b404fe97c70829f082dec8bcf4f71225d7eaea1d8645349cb76fa06205cc"
dependencies = [
 "libc",
 "log",
 "miow",
 "ntapi",
 "winapi",
]

[[package]]
name = "miow"
version = "0.3.7"
source = "registry+https://github.com/rust-lang/crates.io-index"
checksum = "b9f1c5b025cda876f66ef43a113f91ebc9f4ccef34843000e0adf6ebbab84e21"
dependencies = [
 "winapi",
]

[[package]]
name = "nalgebra"
version = "0.23.2"
source = "registry+https://github.com/rust-lang/crates.io-index"
checksum = "c9bd52e9c9922d5702d5c2a105ceacc3c1206e781d3d130f4d2b7ad5f43c144b"
dependencies = [
 "approx 0.4.0",
 "generic-array",
 "matrixmultiply 0.2.4",
 "num-complex 0.3.1",
 "num-rational 0.3.2",
 "num-traits",
 "rand",
 "rand_distr",
 "simba 0.3.1",
 "typenum",
]

[[package]]
name = "nalgebra"
version = "0.33.0"
source = "registry+https://github.com/rust-lang/crates.io-index"
checksum = "3c4b5f057b303842cf3262c27e465f4c303572e7f6b0648f60e16248ac3397f4"
dependencies = [
 "approx 0.5.1",
 "matrixmultiply 0.3.9",
 "nalgebra-macros",
 "num-complex 0.4.6",
 "num-rational 0.4.2",
 "num-traits",
 "simba 0.9.0",
 "typenum",
]

[[package]]
name = "nalgebra-macros"
version = "0.2.2"
source = "registry+https://github.com/rust-lang/crates.io-index"
checksum = "254a5372af8fc138e36684761d3c0cdb758a4410e938babcff1c860ce14ddbfc"
dependencies = [
 "proc-macro2",
 "quote",
 "syn 2.0.77",
]

[[package]]
name = "nix"
version = "0.20.2"
source = "registry+https://github.com/rust-lang/crates.io-index"
checksum = "f5e06129fb611568ef4e868c14b326274959aa70ff7776e9d55323531c374945"
dependencies = [
 "bitflags",
 "cc",
 "cfg-if",
 "libc",
 "memoffset 0.6.5",
]

[[package]]
name = "ntapi"
version = "0.3.7"
source = "registry+https://github.com/rust-lang/crates.io-index"
checksum = "c28774a7fd2fbb4f0babd8237ce554b73af68021b5f695a3cebd6c59bac0980f"
dependencies = [
 "winapi",
]

[[package]]
name = "num-bigint"
version = "0.4.6"
source = "registry+https://github.com/rust-lang/crates.io-index"
checksum = "a5e44f723f1133c9deac646763579fdb3ac745e418f2a7af9cd0c431da1f20b9"
dependencies = [
 "num-integer",
 "num-traits",
]

[[package]]
name = "num-complex"
version = "0.3.1"
source = "registry+https://github.com/rust-lang/crates.io-index"
checksum = "747d632c0c558b87dbabbe6a82f3b4ae03720d0646ac5b7b4dae89394be5f2c5"
dependencies = [
 "num-traits",
]

[[package]]
name = "num-complex"
version = "0.4.6"
source = "registry+https://github.com/rust-lang/crates.io-index"
checksum = "73f88a1307638156682bada9d7604135552957b7818057dcef22705b4d509495"
dependencies = [
 "num-traits",
]

[[package]]
name = "num-derive"
version = "0.3.3"
source = "registry+https://github.com/rust-lang/crates.io-index"
checksum = "876a53fff98e03a936a674b29568b0e605f06b29372c2489ff4de23f1949743d"
dependencies = [
 "proc-macro2",
 "quote",
 "syn 1.0.109",
]

[[package]]
name = "num-integer"
version = "0.1.46"
source = "registry+https://github.com/rust-lang/crates.io-index"
checksum = "7969661fd2958a5cb096e56c8e1ad0444ac2bbcd0061bd28660485a44879858f"
dependencies = [
 "num-traits",
]

[[package]]
name = "num-rational"
version = "0.3.2"
source = "registry+https://github.com/rust-lang/crates.io-index"
checksum = "12ac428b1cb17fce6f731001d307d351ec70a6d202fc2e60f7d4c5e42d8f4f07"
dependencies = [
 "autocfg",
 "num-integer",
 "num-traits",
]

[[package]]
name = "num-rational"
version = "0.4.2"
source = "registry+https://github.com/rust-lang/crates.io-index"
checksum = "f83d14da390562dca69fc84082e73e548e1ad308d24accdedd2720017cb37824"
dependencies = [
 "num-bigint",
 "num-integer",
 "num-traits",
]

[[package]]
name = "num-traits"
version = "0.2.19"
source = "registry+https://github.com/rust-lang/crates.io-index"
checksum = "071dfc062690e90b734c0b2273ce72ad0ffa95f0c74596bc250dcfd960262841"
dependencies = [
 "autocfg",
 "libm",
]

[[package]]
name = "once_cell"
version = "1.19.0"
source = "registry+https://github.com/rust-lang/crates.io-index"
checksum = "3fdb12b2476b595f9358c5161aa467c2438859caa136dec86c26fdd2efe17b92"

[[package]]
name = "paste"
version = "1.0.15"
source = "registry+https://github.com/rust-lang/crates.io-index"
checksum = "57c0d7b74b563b49d38dae00a0c37d4d6de9b432382b2892f0574ddcae73fd0a"

[[package]]
name = "portable-atomic"
version = "1.7.0"
source = "registry+https://github.com/rust-lang/crates.io-index"
checksum = "da544ee218f0d287a911e9c99a39a8c9bc8fcad3cb8db5959940044ecfc67265"

[[package]]
name = "ppv-lite86"
version = "0.2.20"
source = "registry+https://github.com/rust-lang/crates.io-index"
checksum = "77957b295656769bb8ad2b6a6b09d897d94f05c41b069aede1fcdaa675eaea04"
dependencies = [
 "zerocopy",
]

[[package]]
name = "proc-macro2"
version = "1.0.86"
source = "registry+https://github.com/rust-lang/crates.io-index"
checksum = "5e719e8df665df0d1c8fbfd238015744736151d4445ec0836b8e628aae103b77"
dependencies = [
 "unicode-ident",
]

[[package]]
name = "pymagiclaw"
version = "0.1.0"
dependencies = [
 "libfranka-rs",
 "nalgebra 0.33.0",
 "pyo3",
]

[[package]]
name = "pyo3"
version = "0.22.2"
source = "registry+https://github.com/rust-lang/crates.io-index"
checksum = "831e8e819a138c36e212f3af3fd9eeffed6bf1510a805af35b0edee5ffa59433"
dependencies = [
 "cfg-if",
 "indoc",
 "libc",
 "memoffset 0.9.1",
 "once_cell",
 "portable-atomic",
 "pyo3-build-config",
 "pyo3-ffi",
 "pyo3-macros",
 "unindent",
]

[[package]]
name = "pyo3-build-config"
version = "0.22.2"
source = "registry+https://github.com/rust-lang/crates.io-index"
checksum = "1e8730e591b14492a8945cdff32f089250b05f5accecf74aeddf9e8272ce1fa8"
dependencies = [
 "once_cell",
 "target-lexicon",
]

[[package]]
name = "pyo3-ffi"
version = "0.22.2"
source = "registry+https://github.com/rust-lang/crates.io-index"
checksum = "5e97e919d2df92eb88ca80a037969f44e5e70356559654962cbb3316d00300c6"
dependencies = [
 "libc",
 "pyo3-build-config",
]

[[package]]
name = "pyo3-macros"
version = "0.22.2"
source = "registry+https://github.com/rust-lang/crates.io-index"
checksum = "eb57983022ad41f9e683a599f2fd13c3664d7063a3ac5714cae4b7bee7d3f206"
dependencies = [
 "proc-macro2",
 "pyo3-macros-backend",
 "quote",
 "syn 2.0.77",
]

[[package]]
name = "pyo3-macros-backend"
version = "0.22.2"
source = "registry+https://github.com/rust-lang/crates.io-index"
checksum = "ec480c0c51ddec81019531705acac51bcdbeae563557c982aa8263bb96880372"
dependencies = [
 "heck",
 "proc-macro2",
 "pyo3-build-config",
 "quote",
 "syn 2.0.77",
]

[[package]]
name = "quote"
version = "1.0.37"
source = "registry+https://github.com/rust-lang/crates.io-index"
checksum = "b5b9d34b8991d19d98081b46eacdd8eb58c6f2b201139f7c5f643cc155a633af"
dependencies = [
 "proc-macro2",
]

[[package]]
name = "rand"
version = "0.7.3"
source = "registry+https://github.com/rust-lang/crates.io-index"
checksum = "6a6b1679d49b24bbfe0c803429aa1874472f50d9b363131f0e89fc356b544d03"
dependencies = [
 "getrandom",
 "libc",
 "rand_chacha",
 "rand_core",
 "rand_hc",
]

[[package]]
name = "rand_chacha"
version = "0.2.2"
source = "registry+https://github.com/rust-lang/crates.io-index"
checksum = "f4c8ed856279c9737206bf725bf36935d8666ead7aa69b52be55af369d193402"
dependencies = [
 "ppv-lite86",
 "rand_core",
]

[[package]]
name = "rand_core"
version = "0.5.1"
source = "registry+https://github.com/rust-lang/crates.io-index"
checksum = "90bde5296fc891b0cef12a6d03ddccc162ce7b2aff54160af9338f8d40df6d19"
dependencies = [
 "getrandom",
]

[[package]]
name = "rand_distr"
version = "0.3.0"
source = "registry+https://github.com/rust-lang/crates.io-index"
checksum = "c9e9532ada3929fb8b2e9dbe28d1e06c9b2cc65813f074fcb6bd5fbefeff9d56"
dependencies = [
 "num-traits",
 "rand",
]

[[package]]
name = "rand_hc"
version = "0.2.0"
source = "registry+https://github.com/rust-lang/crates.io-index"
checksum = "ca3129af7b92a17112d59ad498c6f81eaf463253766b90396d39ea7a39d6613c"
dependencies = [
 "rand_core",
]

[[package]]
name = "rawpointer"
version = "0.2.1"
source = "registry+https://github.com/rust-lang/crates.io-index"
checksum = "60a357793950651c4ed0f3f52338f53b2f809f32d83a07f72909fa13e4c6c1e3"

[[package]]
name = "safe_arch"
version = "0.7.2"
source = "registry+https://github.com/rust-lang/crates.io-index"
checksum = "c3460605018fdc9612bce72735cba0d27efbcd9904780d44c7e3a9948f96148a"
dependencies = [
 "bytemuck",
]

[[package]]
name = "serde"
version = "1.0.209"
source = "registry+https://github.com/rust-lang/crates.io-index"
checksum = "99fce0ffe7310761ca6bf9faf5115afbc19688edd00171d81b1bb1b116c63e09"
dependencies = [
 "serde_derive",
]

[[package]]
name = "serde_derive"
version = "1.0.209"
source = "registry+https://github.com/rust-lang/crates.io-index"
checksum = "a5831b979fd7b5439637af1752d535ff49f4860c0f341d1baeb6faf0f4242170"
dependencies = [
 "proc-macro2",
 "quote",
 "syn 2.0.77",
]

[[package]]
name = "serde_repr"
version = "0.1.19"
source = "registry+https://github.com/rust-lang/crates.io-index"
checksum = "6c64451ba24fc7a6a2d60fc75dd9c83c90903b19028d4eff35e88fc1e86564e9"
dependencies = [
 "proc-macro2",
 "quote",
 "syn 2.0.77",
]

[[package]]
name = "shlex"
version = "1.3.0"
source = "registry+https://github.com/rust-lang/crates.io-index"
checksum = "0fda2ff0d084019ba4d7c6f371c95d8fd75ce3524c3cb8fb653a3023f6323e64"

[[package]]
name = "simba"
version = "0.3.1"
source = "registry+https://github.com/rust-lang/crates.io-index"
checksum = "17bfe642b1728a6e89137ad428ef5d4738eca4efaba9590f9e110b8944028621"
dependencies = [
 "approx 0.4.0",
 "num-complex 0.3.1",
 "num-traits",
 "paste",
]

[[package]]
name = "simba"
version = "0.9.0"
source = "registry+https://github.com/rust-lang/crates.io-index"
checksum = "b3a386a501cd104797982c15ae17aafe8b9261315b5d07e3ec803f2ea26be0fa"
dependencies = [
 "approx 0.5.1",
 "num-complex 0.4.6",
 "num-traits",
 "paste",
 "wide",
]

[[package]]
name = "syn"
version = "1.0.109"
source = "registry+https://github.com/rust-lang/crates.io-index"
checksum = "72b64191b275b66ffe2469e8af2c1cfe3bafa67b529ead792a6d0160888b4237"
dependencies = [
 "proc-macro2",
 "quote",
 "unicode-ident",
]

[[package]]
name = "syn"
version = "2.0.77"
source = "registry+https://github.com/rust-lang/crates.io-index"
checksum = "9f35bcdf61fd8e7be6caf75f429fdca8beb3ed76584befb503b1569faee373ed"
dependencies = [
 "proc-macro2",
 "quote",
 "unicode-ident",
]

[[package]]
name = "target-lexicon"
version = "0.12.16"
source = "registry+https://github.com/rust-lang/crates.io-index"
checksum = "61c41af27dd6d1e27b1b16b489db798443478cef1f06a660c96db617ba5de3b1"

[[package]]
name = "thiserror"
version = "1.0.63"
source = "registry+https://github.com/rust-lang/crates.io-index"
checksum = "c0342370b38b6a11b6cc11d6a805569958d54cfa061a29969c3b5ce2ea405724"
dependencies = [
 "thiserror-impl",
]

[[package]]
name = "thiserror-impl"
version = "1.0.63"
source = "registry+https://github.com/rust-lang/crates.io-index"
checksum = "a4558b58466b9ad7ca0f102865eccc95938dca1a74a856f2b57b6629050da261"
dependencies = [
 "proc-macro2",
 "quote",
 "syn 2.0.77",
]

[[package]]
name = "typenum"
version = "1.17.0"
source = "registry+https://github.com/rust-lang/crates.io-index"
checksum = "42ff0bf0c66b8238c6f3b578df37d0b7848e55df8577b3f74f92a69acceeb825"

[[package]]
name = "unicode-ident"
version = "1.0.12"
source = "registry+https://github.com/rust-lang/crates.io-index"
checksum = "3354b9ac3fae1ff6755cb6db53683adb661634f67557942dea4facebec0fee4b"

[[package]]
name = "unindent"
version = "0.2.3"
source = "registry+https://github.com/rust-lang/crates.io-index"
checksum = "c7de7d73e1754487cb58364ee906a499937a0dfabd86bcb980fa99ec8c8fa2ce"

[[package]]
name = "version_check"
version = "0.9.5"
source = "registry+https://github.com/rust-lang/crates.io-index"
checksum = "0b928f33d975fc6ad9f86c8f283853ad26bdd5b10b7f1542aa2fa15e2289105a"

[[package]]
name = "wasi"
version = "0.9.0+wasi-snapshot-preview1"
source = "registry+https://github.com/rust-lang/crates.io-index"
checksum = "cccddf32554fecc6acb585f82a32a72e28b48f8c4c1883ddfeeeaa96f7d8e519"

[[package]]
name = "wide"
version = "0.7.28"
source = "registry+https://github.com/rust-lang/crates.io-index"
checksum = "b828f995bf1e9622031f8009f8481a85406ce1f4d4588ff746d872043e855690"
dependencies = [
 "bytemuck",
 "safe_arch",
]

[[package]]
name = "winapi"
version = "0.3.9"
source = "registry+https://github.com/rust-lang/crates.io-index"
checksum = "5c839a674fcd7a98952e593242ea400abe93992746761e38641405d28b00f419"
dependencies = [
 "winapi-i686-pc-windows-gnu",
 "winapi-x86_64-pc-windows-gnu",
]

[[package]]
name = "winapi-i686-pc-windows-gnu"
version = "0.4.0"
source = "registry+https://github.com/rust-lang/crates.io-index"
checksum = "ac3b87c63620426dd9b991e5ce0329eff545bccbbb34f3be09ff6fb6ab51b7b6"

[[package]]
name = "winapi-x86_64-pc-windows-gnu"
version = "0.4.0"
source = "registry+https://github.com/rust-lang/crates.io-index"
checksum = "712e227841d057c1ee1cd2fb22fa7e5a5461ae8e48fa2ca79ec42cfc1931183f"

[[package]]
name = "zerocopy"
version = "0.7.35"
source = "registry+https://github.com/rust-lang/crates.io-index"
checksum = "1b9b4fd18abc82b8136838da5d50bae7bdea537c574d8dc1a34ed098d6c166f0"
dependencies = [
 "byteorder",
 "zerocopy-derive",
]

[[package]]
name = "zerocopy-derive"
version = "0.7.35"
source = "registry+https://github.com/rust-lang/crates.io-index"
checksum = "fa4f8080344d4671fb4e831a13ad1e68092748387dfc4f55e356242fae12ce3e"
dependencies = [
 "proc-macro2",
 "quote",
 "syn 2.0.77",
]
